
Microsoft Visual Studio Solution File, Format Version 12.00
# Visual Studio Version 17
VisualStudioVersion = 17.8.34309.116
MinimumVisualStudioVersion = 10.0.40219.1
Project("{FAE04EC0-301F-11D3-BF4B-00C04F79EFBC}") = "Client", "Client\Client.csproj", "{F38A923A-C053-486F-90D7-B280DD7EF4BE}"
EndProject
Project("{2150E333-8FDC-42A3-9474-1A3956D46DE8}") = "Server", "Server", "{B2957116-1398-42E8-9C03-92F06339296D}"
EndProject
Project("{FAE04EC0-301F-11D3-BF4B-00C04F79EFBC}") = "Database", "Database\Database.csproj", "{A2EEBDB8-47B8-43E5-AB51-62A7AF185FA9}"
EndProject
Project("{FAE04EC0-301F-11D3-BF4B-00C04F79EFBC}") = "Entities", "Entities\Entities.csproj", "{D41A231D-59C2-47D8-83C3-E72DACE2A5E9}"
EndProject
Project("{FAE04EC0-301F-11D3-BF4B-00C04F79EFBC}") = "Services", "Services\Services.csproj", "{40619422-7DD8-426F-ADD9-B308A3BEA334}"
EndProject
Global
	GlobalSection(SolutionConfigurationPlatforms) = preSolution
		Debug|Any CPU = Debug|Any CPU
		Release|Any CPU = Release|Any CPU
	EndGlobalSection
	GlobalSection(ProjectConfigurationPlatforms) = postSolution
		{F38A923A-C053-486F-90D7-B280DD7EF4BE}.Debug|Any CPU.ActiveCfg = Debug|Any CPU
		{F38A923A-C053-486F-90D7-B280DD7EF4BE}.Debug|Any CPU.Build.0 = Debug|Any CPU
		{F38A923A-C053-486F-90D7-B280DD7EF4BE}.Release|Any CPU.ActiveCfg = Release|Any CPU
		{F38A923A-C053-486F-90D7-B280DD7EF4BE}.Release|Any CPU.Build.0 = Release|Any CPU
		{A2EEBDB8-47B8-43E5-AB51-62A7AF185FA9}.Debug|Any CPU.ActiveCfg = Debug|Any CPU
		{A2EEBDB8-47B8-43E5-AB51-62A7AF185FA9}.Debug|Any CPU.Build.0 = Debug|Any CPU
		{A2EEBDB8-47B8-43E5-AB51-62A7AF185FA9}.Release|Any CPU.ActiveCfg = Release|Any CPU
		{A2EEBDB8-47B8-43E5-AB51-62A7AF185FA9}.Release|Any CPU.Build.0 = Release|Any CPU
		{D41A231D-59C2-47D8-83C3-E72DACE2A5E9}.Debug|Any CPU.ActiveCfg = Debug|Any CPU
		{D41A231D-59C2-47D8-83C3-E72DACE2A5E9}.Debug|Any CPU.Build.0 = Debug|Any CPU
		{D41A231D-59C2-47D8-83C3-E72DACE2A5E9}.Release|Any CPU.ActiveCfg = Release|Any CPU
		{D41A231D-59C2-47D8-83C3-E72DACE2A5E9}.Release|Any CPU.Build.0 = Release|Any CPU
		{40619422-7DD8-426F-ADD9-B308A3BEA334}.Debug|Any CPU.ActiveCfg = Debug|Any CPU
		{40619422-7DD8-426F-ADD9-B308A3BEA334}.Debug|Any CPU.Build.0 = Debug|Any CPU
		{40619422-7DD8-426F-ADD9-B308A3BEA334}.Release|Any CPU.ActiveCfg = Release|Any CPU
		{40619422-7DD8-426F-ADD9-B308A3BEA334}.Release|Any CPU.Build.0 = Release|Any CPU
	EndGlobalSection
	GlobalSection(SolutionProperties) = preSolution
		HideSolutionNode = FALSE
	EndGlobalSection
	GlobalSection(NestedProjects) = preSolution
		{A2EEBDB8-47B8-43E5-AB51-62A7AF185FA9} = {B2957116-1398-42E8-9C03-92F06339296D}
		{D41A231D-59C2-47D8-83C3-E72DACE2A5E9} = {B2957116-1398-42E8-9C03-92F06339296D}
		{40619422-7DD8-426F-ADD9-B308A3BEA334} = {B2957116-1398-42E8-9C03-92F06339296D}
	EndGlobalSection
	GlobalSection(ExtensibilityGlobals) = postSolution
		SolutionGuid = {50DD61D0-649B-44AA-8F65-79C5BC593915}
	EndGlobalSection
EndGlobal
